// !$*UTF8*$!
{
	archiveVersion = 1;
	classes = {
	};
	objectVersion = 55;
	objects = {

/* Begin PBXBuildFile section */
		C7884BBE28C62324009E9CBD /* AppDelegate.swift in Sources */ = {isa = PBXBuildFile; fileRef = C7884BBD28C62324009E9CBD /* AppDelegate.swift */; };
		C7884BC028C62324009E9CBD /* SceneDelegate.swift in Sources */ = {isa = PBXBuildFile; fileRef = C7884BBF28C62324009E9CBD /* SceneDelegate.swift */; };
		C7884BC228C62324009E9CBD /* ViewController.swift in Sources */ = {isa = PBXBuildFile; fileRef = C7884BC128C62324009E9CBD /* ViewController.swift */; };
		C7884BC528C62324009E9CBD /* Main.storyboard in Resources */ = {isa = PBXBuildFile; fileRef = C7884BC328C62324009E9CBD /* Main.storyboard */; };
		C7884BC728C62325009E9CBD /* Assets.xcassets in Resources */ = {isa = PBXBuildFile; fileRef = C7884BC628C62325009E9CBD /* Assets.xcassets */; };
		C7884BCA28C62325009E9CBD /* LaunchScreen.storyboard in Resources */ = {isa = PBXBuildFile; fileRef = C7884BC828C62325009E9CBD /* LaunchScreen.storyboard */; };
		C7884BD928C6233C009E9CBD /* AlertService.swift in Sources */ = {isa = PBXBuildFile; fileRef = C7884BD128C6233B009E9CBD /* AlertService.swift */; };
		C7884BDA28C6233C009E9CBD /* OfflineViewController.swift in Sources */ = {isa = PBXBuildFile; fileRef = C7884BD228C6233B009E9CBD /* OfflineViewController.swift */; };
		C7884BDB28C6233C009E9CBD /* OfflineViewController.storyboard in Resources */ = {isa = PBXBuildFile; fileRef = C7884BD328C6233B009E9CBD /* OfflineViewController.storyboard */; };
		C7884BDC28C6233C009E9CBD /* AlertViewController.storyboard in Resources */ = {isa = PBXBuildFile; fileRef = C7884BD428C6233B009E9CBD /* AlertViewController.storyboard */; };
		C7884BDD28C6233C009E9CBD /* AlertViewController.swift in Sources */ = {isa = PBXBuildFile; fileRef = C7884BD528C6233C009E9CBD /* AlertViewController.swift */; };
		C7884BDF28C6233C009E9CBD /* AlertController.swift in Sources */ = {isa = PBXBuildFile; fileRef = C7884BD728C6233C009E9CBD /* AlertController.swift */; };
		C7884BE028C6233C009E9CBD /* AlertController.storyboard in Resources */ = {isa = PBXBuildFile; fileRef = C7884BD828C6233C009E9CBD /* AlertController.storyboard */; };
/* End PBXBuildFile section */

/* Begin PBXFileReference section */
		C7884BBA28C62324009E9CBD /* customAlertController.app */ = {isa = PBXFileReference; explicitFileType = wrapper.application; includeInIndex = 0; path = customAlertController.app; sourceTree = BUILT_PRODUCTS_DIR; };
		C7884BBD28C62324009E9CBD /* AppDelegate.swift */ = {isa = PBXFileReference; lastKnownFileType = sourcecode.swift; path = AppDelegate.swift; sourceTree = "<group>"; };
		C7884BBF28C62324009E9CBD /* SceneDelegate.swift */ = {isa = PBXFileReference; lastKnownFileType = sourcecode.swift; path = SceneDelegate.swift; sourceTree = "<group>"; };
		C7884BC128C62324009E9CBD /* ViewController.swift */ = {isa = PBXFileReference; lastKnownFileType = sourcecode.swift; path = ViewController.swift; sourceTree = "<group>"; };
		C7884BC428C62324009E9CBD /* Base */ = {isa = PBXFileReference; lastKnownFileType = file.storyboard; name = Base; path = Base.lproj/Main.storyboard; sourceTree = "<group>"; };
		C7884BC628C62325009E9CBD /* Assets.xcassets */ = {isa = PBXFileReference; lastKnownFileType = folder.assetcatalog; path = Assets.xcassets; sourceTree = "<group>"; };
		C7884BC928C62325009E9CBD /* Base */ = {isa = PBXFileReference; lastKnownFileType = file.storyboard; name = Base; path = Base.lproj/LaunchScreen.storyboard; sourceTree = "<group>"; };
		C7884BCB28C62325009E9CBD /* Info.plist */ = {isa = PBXFileReference; lastKnownFileType = text.plist.xml; path = Info.plist; sourceTree = "<group>"; };
		C7884BD128C6233B009E9CBD /* AlertService.swift */ = {isa = PBXFileReference; fileEncoding = 4; lastKnownFileType = sourcecode.swift; path = AlertService.swift; sourceTree = "<group>"; };
		C7884BD228C6233B009E9CBD /* OfflineViewController.swift */ = {isa = PBXFileReference; fileEncoding = 4; lastKnownFileType = sourcecode.swift; path = OfflineViewController.swift; sourceTree = "<group>"; };
		C7884BD328C6233B009E9CBD /* OfflineViewController.storyboard */ = {isa = PBXFileReference; fileEncoding = 4; lastKnownFileType = file.storyboard; path = OfflineViewController.storyboard; sourceTree = "<group>"; };
		C7884BD428C6233B009E9CBD /* AlertViewController.storyboard */ = {isa = PBXFileReference; fileEncoding = 4; lastKnownFileType = file.storyboard; path = AlertViewController.storyboard; sourceTree = "<group>"; };
		C7884BD528C6233C009E9CBD /* AlertViewController.swift */ = {isa = PBXFileReference; fileEncoding = 4; lastKnownFileType = sourcecode.swift; path = AlertViewController.swift; sourceTree = "<group>"; };
		C7884BD728C6233C009E9CBD /* AlertController.swift */ = {isa = PBXFileReference; fileEncoding = 4; lastKnownFileType = sourcecode.swift; path = AlertController.swift; sourceTree = "<group>"; };
		C7884BD828C6233C009E9CBD /* AlertController.storyboard */ = {isa = PBXFileReference; fileEncoding = 4; lastKnownFileType = file.storyboard; path = AlertController.storyboard; sourceTree = "<group>"; };
/* End PBXFileReference section */

/* Begin PBXFrameworksBuildPhase section */
		C7884BB728C62324009E9CBD /* Frameworks */ = {
			isa = PBXFrameworksBuildPhase;
			buildActionMask = 2147483647;
			files = (
			);
			runOnlyForDeploymentPostprocessing = 0;
		};
/* End PBXFrameworksBuildPhase section */

/* Begin PBXGroup section */
		C7884BB128C62324009E9CBD = {
			isa = PBXGroup;
			children = (
				C7884BBC28C62324009E9CBD /* customAlertController */,
				C7884BBB28C62324009E9CBD /* Products */,
			);
			sourceTree = "<group>";
		};
		C7884BBB28C62324009E9CBD /* Products */ = {
			isa = PBXGroup;
			children = (
				C7884BBA28C62324009E9CBD /* customAlertController.app */,
			);
			name = Products;
			sourceTree = "<group>";
		};
		C7884BBC28C62324009E9CBD /* customAlertController */ = {
			isa = PBXGroup;
			children = (
				C7884BBD28C62324009E9CBD /* AppDelegate.swift */,
				C7884BBF28C62324009E9CBD /* SceneDelegate.swift */,
				C7884BC128C62324009E9CBD /* ViewController.swift */,
				C7884BC328C62324009E9CBD /* Main.storyboard */,
				C7884BC628C62325009E9CBD /* Assets.xcassets */,
				C7884BC828C62325009E9CBD /* LaunchScreen.storyboard */,
				C7884BCB28C62325009E9CBD /* Info.plist */,
				C7884BD828C6233C009E9CBD /* AlertController.storyboard */,
				C7884BD728C6233C009E9CBD /* AlertController.swift */,
				C7884BD128C6233B009E9CBD /* AlertService.swift */,
				C7884BD428C6233B009E9CBD /* AlertViewController.storyboard */,
				C7884BD528C6233C009E9CBD /* AlertViewController.swift */,
				C7884BD328C6233B009E9CBD /* OfflineViewController.storyboard */,
				C7884BD228C6233B009E9CBD /* OfflineViewController.swift */,
			);
			path = customAlertController;
			sourceTree = "<group>";
		};
/* End PBXGroup section */

/* Begin PBXNativeTarget section */
		C7884BB928C62324009E9CBD /* customAlertController */ = {
			isa = PBXNativeTarget;
			buildConfigurationList = C7884BCE28C62325009E9CBD /* Build configuration list for PBXNativeTarget "customAlertController" */;
			buildPhases = (
				C7884BB628C62324009E9CBD /* Sources */,
				C7884BB728C62324009E9CBD /* Frameworks */,
				C7884BB828C62324009E9CBD /* Resources */,
			);
			buildRules = (
			);
			dependencies = (
			);
			name = customAlertController;
			productName = customAlertController;
			productReference = C7884BBA28C62324009E9CBD /* customAlertController.app */;
			productType = "com.apple.product-type.application";
		};
/* End PBXNativeTarget section */

/* Begin PBXProject section */
		C7884BB228C62324009E9CBD /* Project object */ = {
			isa = PBXProject;
			attributes = {
				BuildIndependentTargetsInParallel = 1;
				LastSwiftUpdateCheck = 1310;
				LastUpgradeCheck = 1310;
				TargetAttributes = {
					C7884BB928C62324009E9CBD = {
						CreatedOnToolsVersion = 13.1;
					};
				};
			};
			buildConfigurationList = C7884BB528C62324009E9CBD /* Build configuration list for PBXProject "customAlertController" */;
			compatibilityVersion = "Xcode 13.0";
			developmentRegion = en;
			hasScannedForEncodings = 0;
			knownRegions = (
				en,
				Base,
			);
			mainGroup = C7884BB128C62324009E9CBD;
			productRefGroup = C7884BBB28C62324009E9CBD /* Products */;
			projectDirPath = "";
			projectRoot = "";
			targets = (
				C7884BB928C62324009E9CBD /* customAlertController */,
			);
		};
/* End PBXProject section */

/* Begin PBXResourcesBuildPhase section */
		C7884BB828C62324009E9CBD /* Resources */ = {
			isa = PBXResourcesBuildPhase;
			buildActionMask = 2147483647;
			files = (
				C7884BCA28C62325009E9CBD /* LaunchScreen.storyboard in Resources */,
				C7884BE028C6233C009E9CBD /* AlertController.storyboard in Resources */,
				C7884BDC28C6233C009E9CBD /* AlertViewController.storyboard in Resources */,
				C7884BC728C62325009E9CBD /* Assets.xcassets in Resources */,
				C7884BDB28C6233C009E9CBD /* OfflineViewController.storyboard in Resources */,
				C7884BC528C62324009E9CBD /* Main.storyboard in Resources */,
			);
			runOnlyForDeploymentPostprocessing = 0;
		};
/* End PBXResourcesBuildPhase section */

/* Begin PBXSourcesBuildPhase section */
		C7884BB628C62324009E9CBD /* Sources */ = {
			isa = PBXSourcesBuildPhase;
			buildActionMask = 2147483647;
			files = (
				C7884BC228C62324009E9CBD /* ViewController.swift in Sources */,
				C7884BDD28C6233C009E9CBD /* AlertViewController.swift in Sources */,
				C7884BBE28C62324009E9CBD /* AppDelegate.swift in Sources */,
				C7884BD928C6233C009E9CBD /* AlertService.swift in Sources */,
				C7884BDF28C6233C009E9CBD /* AlertController.swift in Sources */,
				C7884BC028C62324009E9CBD /* SceneDelegate.swift in Sources */,
				C7884BDA28C6233C009E9CBD /* OfflineViewController.swift in Sources */,
			);
			runOnlyForDeploymentPostprocessing = 0;
		};
/* End PBXSourcesBuildPhase section */

/* Begin PBXVariantGroup section */
		C7884BC328C62324009E9CBD /* Main.storyboard */ = {
			isa = PBXVariantGroup;
			children = (
				C7884BC428C62324009E9CBD /* Base */,
			);
			name = Main.storyboard;
			sourceTree = "<group>";
		};
		C7884BC828C62325009E9CBD /* LaunchScreen.storyboard */ = {
			isa = PBXVariantGroup;
			children = (
				C7884BC928C62325009E9CBD /* Base */,
			);
			name = LaunchScreen.storyboard;
			sourceTree = "<group>";
		};
/* End PBXVariantGroup section */

/* Begin XCBuildConfiguration section */
		C7884BCC28C62325009E9CBD /* Debug */ = {
			isa = XCBuildConfiguration;
			buildSettings = {
				ALWAYS_SEARCH_USER_PATHS = NO;
				CLANG_ANALYZER_NONNULL = YES;
				CLANG_ANALYZER_NUMBER_OBJECT_CONVERSION = YES_AGGRESSIVE;
				CLANG_CXX_LANGUAGE_STANDARD = "gnu++17";
				CLANG_CXX_LIBRARY = "libc++";
				CLANG_ENABLE_MODULES = YES;
				CLANG_ENABLE_OBJC_ARC = YES;
				CLANG_ENABLE_OBJC_WEAK = YES;
				CLANG_WARN_BLOCK_CAPTURE_AUTORELEASING = YES;
				CLANG_WARN_BOOL_CONVERSION = YES;
				CLANG_WARN_COMMA = YES;
				CLANG_WARN_CONSTANT_CONVERSION = YES;
				CLANG_WARN_DEPRECATED_OBJC_IMPLEMENTATIONS = YES;
				CLANG_WARN_DIRECT_OBJC_ISA_USAGE = YES_ERROR;
				CLANG_WARN_DOCUMENTATION_COMMENTS = YES;
				CLANG_WARN_EMPTY_BODY = YES;
				CLANG_WARN_ENUM_CONVERSION = YES;
				CLANG_WARN_INFINITE_RECURSION = YES;
				CLANG_WARN_INT_CONVERSION = YES;
				CLANG_WARN_NON_LITERAL_NULL_CONVERSION = YES;
				CLANG_WARN_OBJC_IMPLICIT_RETAIN_SELF = YES;
				CLANG_WARN_OBJC_LITERAL_CONVERSION = YES;
				CLANG_WARN_OBJC_ROOT_CLASS = YES_ERROR;
				CLANG_WARN_QUOTED_INCLUDE_IN_FRAMEWORK_HEADER = YES;
				CLANG_WARN_RANGE_LOOP_ANALYSIS = YES;
				CLANG_WARN_STRICT_PROTOTYPES = YES;
				CLANG_WARN_SUSPICIOUS_MOVE = YES;
				CLANG_WARN_UNGUARDED_AVAILABILITY = YES_AGGRESSIVE;
				CLANG_WARN_UNREACHABLE_CODE = YES;
				CLANG_WARN__DUPLICATE_METHOD_MATCH = YES;
				COPY_PHASE_STRIP = NO;
				DEBUG_INFORMATION_FORMAT = dwarf;
				ENABLE_STRICT_OBJC_MSGSEND = YES;
				ENABLE_TESTABILITY = YES;
				GCC_C_LANGUAGE_STANDARD = gnu11;
				GCC_DYNAMIC_NO_PIC = NO;
				GCC_NO_COMMON_BLOCKS = YES;
				GCC_OPTIMIZATION_LEVEL = 0;
				GCC_PREPROCESSOR_DEFINITIONS = (
					"DEBUG=1",
					"$(inherited)",
				);
				GCC_WARN_64_TO_32_BIT_CONVERSION = YES;
				GCC_WARN_ABOUT_RETURN_TYPE = YES_ERROR;
				GCC_WARN_UNDECLARED_SELECTOR = YES;
				GCC_WARN_UNINITIALIZED_AUTOS = YES_AGGRESSIVE;
				GCC_WARN_UNUSED_FUNCTION = YES;
				GCC_WARN_UNUSED_VARIABLE = YES;
				IPHONEOS_DEPLOYMENT_TARGET = 15.0;
				MTL_ENABLE_DEBUG_INFO = INCLUDE_SOURCE;
				MTL_FAST_MATH = YES;
				ONLY_ACTIVE_ARCH = YES;
				SDKROOT = iphoneos;
				SWIFT_ACTIVE_COMPILATION_CONDITIONS = DEBUG;
				SWIFT_OPTIMIZATION_LEVEL = "-Onone";
			};
			name = Debug;
		};
		C7884BCD28C62325009E9CBD /* Release */ = {
			isa = XCBuildConfiguration;
			buildSettings = {
				ALWAYS_SEARCH_USER_PATHS = NO;
				CLANG_ANALYZER_NONNULL = YES;
				CLANG_ANALYZER_NUMBER_OBJECT_CONVERSION = YES_AGGRESSIVE;
				CLANG_CXX_LANGUAGE_STANDARD = "gnu++17";
				CLANG_CXX_LIBRARY = "libc++";
				CLANG_ENABLE_MODULES = YES;
				CLANG_ENABLE_OBJC_ARC = YES;
				CLANG_ENABLE_OBJC_WEAK = YES;
				CLANG_WARN_BLOCK_CAPTURE_AUTORELEASING = YES;
				CLANG_WARN_BOOL_CONVERSION = YES;
				CLANG_WARN_COMMA = YES;
				CLANG_WARN_CONSTANT_CONVERSION = YES;
				CLANG_WARN_DEPRECATED_OBJC_IMPLEMENTATIONS = YES;
				CLANG_WARN_DIRECT_OBJC_ISA_USAGE = YES_ERROR;
				CLANG_WARN_DOCUMENTATION_COMMENTS = YES;
				CLANG_WARN_EMPTY_BODY = YES;
				CLANG_WARN_ENUM_CONVERSION = YES;
				CLANG_WARN_INFINITE_RECURSION = YES;
				CLANG_WARN_INT_CONVERSION = YES;
				CLANG_WARN_NON_LITERAL_NULL_CONVERSION = YES;
				CLANG_WARN_OBJC_IMPLICIT_RETAIN_SELF = YES;
				CLANG_WARN_OBJC_LITERAL_CONVERSION = YES;
				CLANG_WARN_OBJC_ROOT_CLASS = YES_ERROR;
				CLANG_WARN_QUOTED_INCLUDE_IN_FRAMEWORK_HEADER = YES;
				CLANG_WARN_RANGE_LOOP_ANALYSIS = YES;
				CLANG_WARN_STRICT_PROTOTYPES = YES;
				CLANG_WARN_SUSPICIOUS_MOVE = YES;
				CLANG_WARN_UNGUARDED_AVAILABILITY = YES_AGGRESSIVE;
				CLANG_WARN_UNREACHABLE_CODE = YES;
				CLANG_WARN__DUPLICATE_METHOD_MATCH = YES;
				COPY_PHASE_STRIP = NO;
				DEBUG_INFORMATION_FORMAT = "dwarf-with-dsym";
				ENABLE_NS_ASSERTIONS = NO;
				ENABLE_STRICT_OBJC_MSGSEND = YES;
				GCC_C_LANGUAGE_STANDARD = gnu11;
				GCC_NO_COMMON_BLOCKS = YES;
				GCC_WARN_64_TO_32_BIT_CONVERSION = YES;
				GCC_WARN_ABOUT_RETURN_TYPE = YES_ERROR;
				GCC_WARN_UNDECLARED_SELECTOR = YES;
				GCC_WARN_UNINITIALIZED_AUTOS = YES_AGGRESSIVE;
				GCC_WARN_UNUSED_FUNCTION = YES;
				GCC_WARN_UNUSED_VARIABLE = YES;
				IPHONEOS_DEPLOYMENT_TARGET = 15.0;
				MTL_ENABLE_DEBUG_INFO = NO;
				MTL_FAST_MATH = YES;
				SDKROOT = iphoneos;
				SWIFT_COMPILATION_MODE = wholemodule;
				SWIFT_OPTIMIZATION_LEVEL = "-O";
				VALIDATE_PRODUCT = YES;
			};
			name = Release;
		};
		C7884BCF28C62325009E9CBD /* Debug */ = {
			isa = XCBuildConfiguration;
			buildSettings = {
				ASSETCATALOG_COMPILER_APPICON_NAME = AppIcon;
				ASSETCATALOG_COMPILER_GLOBAL_ACCENT_COLOR_NAME = AccentColor;
				CODE_SIGN_STYLE = Automatic;
				CURRENT_PROJECT_VERSION = 1;
				GENERATE_INFOPLIST_FILE = YES;
				INFOPLIST_FILE = customAlertController/Info.plist;
				INFOPLIST_KEY_UIApplicationSupportsIndirectInputEvents = YES;
				INFOPLIST_KEY_UILaunchStoryboardName = LaunchScreen;
				INFOPLIST_KEY_UIMainStoryboardFile = Main;
				INFOPLIST_KEY_UISupportedInterfaceOrientations_iPad = "UIInterfaceOrientationPortrait UIInterfaceOrientationPortraitUpsideDown UIInterfaceOrientationLandscapeLeft UIInterfaceOrientationLandscapeRight";
				INFOPLIST_KEY_UISupportedInterfaceOrientations_iPhone = "UIInterfaceOrientationPortrait UIInterfaceOrientationLandscapeLeft UIInterfaceOrientationLandscapeRight";
				LD_RUNPATH_SEARCH_PATHS = (
					"$(inherited)",
					"@executable_path/Frameworks",
				);
				MARKETING_VERSION = 1.0;
				PRODUCT_BUNDLE_IDENTIFIER = vrdella.customAlertController;
				PRODUCT_NAME = "$(TARGET_NAME)";
				SWIFT_EMIT_LOC_STRINGS = YES;
				SWIFT_VERSION = 5.0;
				TARGETED_DEVICE_FAMILY = "1,2";
			};
			name = Debug;
		};
		C7884BD028C62325009E9CBD /* Release */ = {
			isa = XCBuildConfiguration;
			buildSettings = {
				ASSETCATALOG_COMPILER_APPICON_NAME = AppIcon;
				ASSETCATALOG_COMPILER_GLOBAL_ACCENT_COLOR_NAME = AccentColor;
				CODE_SIGN_STYLE = Automatic;
				CURRENT_PROJECT_VERSION = 1;
				GENERATE_INFOPLIST_FILE = YES;
				INFOPLIST_FILE = customAlertController/Info.plist;
				INFOPLIST_KEY_UIApplicationSupportsIndirectInputEvents = YES;
				INFOPLIST_KEY_UILaunchStoryboardName = LaunchScreen;
				INFOPLIST_KEY_UIMainStoryboardFile = Main;
				INFOPLIST_KEY_UISupportedInterfaceOrientations_iPad = "UIInterfaceOrientationPortrait UIInterfaceOrientationPortraitUpsideDown UIInterfaceOrientationLandscapeLeft UIInterfaceOrientationLandscapeRight";
				INFOPLIST_KEY_UISupportedInterfaceOrientations_iPhone = "UIInterfaceOrientationPortrait UIInterfaceOrientationLandscapeLeft UIInterfaceOrientationLandscapeRight";
				LD_RUNPATH_SEARCH_PATHS = (
					"$(inherited)",
					"@executable_path/Frameworks",
				);
				MARKETING_VERSION = 1.0;
				PRODUCT_BUNDLE_IDENTIFIER = vrdella.customAlertController;
				PRODUCT_NAME = "$(TARGET_NAME)";
				SWIFT_EMIT_LOC_STRINGS = YES;
				SWIFT_VERSION = 5.0;
				TARGETED_DEVICE_FAMILY = "1,2";
			};
			name = Release;
		};
/* End XCBuildConfiguration section */

/* Begin XCConfigurationList section */
		C7884BB528C62324009E9CBD /* Build configuration list for PBXProject "customAlertController" */ = {
			isa = XCConfigurationList;
			buildConfigurations = (
				C7884BCC28C62325009E9CBD /* Debug */,
				C7884BCD28C62325009E9CBD /* Release */,
			);
			defaultConfigurationIsVisible = 0;
			defaultConfigurationName = Release;
		};
		C7884BCE28C62325009E9CBD /* Build configuration list for PBXNativeTarget "customAlertController" */ = {
			isa = XCConfigurationList;
			buildConfigurations = (
				C7884BCF28C62325009E9CBD /* Debug */,
				C7884BD028C62325009E9CBD /* Release */,
			);
			defaultConfigurationIsVisible = 0;
			defaultConfigurationName = Release;
		};
/* End XCConfigurationList section */
	};
	rootObject = C7884BB228C62324009E9CBD /* Project object */;
}
